
Microsoft Visual Studio Solution File, Format Version 12.00
# Visual Studio 15
VisualStudioVersion = 15.0.28307.572
MinimumVisualStudioVersion = 10.0.40219.1
Project("{159641D6-6404-4A2A-AE62-294DE0FE8301}") = "TERREMOTO_SSIS", "TERREMOTO_SSIS\TERREMOTO_SSIS.dtproj", "{D3C358C4-950D-4E73-AEC4-3593378BD343}"
EndProject
Global
	GlobalSection(SolutionConfigurationPlatforms) = preSolution
		Development|Default = Development|Default
	EndGlobalSection
	GlobalSection(ProjectConfigurationPlatforms) = postSolution
		{D3C358C4-950D-4E73-AEC4-3593378BD343}.Development|Default.ActiveCfg = Development
		{D3C358C4-950D-4E73-AEC4-3593378BD343}.Development|Default.Build.0 = Development
	EndGlobalSection
	GlobalSection(SolutionProperties) = preSolution
		HideSolutionNode = FALSE
	EndGlobalSection
	GlobalSection(ExtensibilityGlobals) = postSolution
		SolutionGuid = {D729EB1D-D8B1-4026-84DA-B384B86A00C1}
	EndGlobalSection
EndGlobal
